// !$*UTF8*$!
{
	archiveVersion = 1;
	classes = {
	};
	objectVersion = 46;
	objects = {

/* Begin PBXBuildFile section */
		27AFDFDC1DA2A79000253388 /* AppDelegate.swift in Sources */ = {isa = PBXBuildFile; fileRef = 27AFDFDB1DA2A79000253388 /* AppDelegate.swift */; };
		27AFDFE31DA2A79000253388 /* Assets.xcassets in Resources */ = {isa = PBXBuildFile; fileRef = 27AFDFE21DA2A79000253388 /* Assets.xcassets */; };
		27AFDFE61DA2A79000253388 /* LaunchScreen.storyboard in Resources */ = {isa = PBXBuildFile; fileRef = 27AFDFE41DA2A79000253388 /* LaunchScreen.storyboard */; };
		27AFDFF01DA2AAD300253388 /* UpdatedMusic.swift in Sources */ = {isa = PBXBuildFile; fileRef = 27AFDFEF1DA2AAD300253388 /* UpdatedMusic.swift */; };
		27AFDFF21DA2AAE200253388 /* UpdatedHobbies.swift in Sources */ = {isa = PBXBuildFile; fileRef = 27AFDFF11DA2AAE200253388 /* UpdatedHobbies.swift */; };
		27AFDFF51DA2AAFC00253388 /* UpdatedBackground.swift in Sources */ = {isa = PBXBuildFile; fileRef = 27AFDFF41DA2AAFC00253388 /* UpdatedBackground.swift */; };
		27AFDFF71DA2AB0E00253388 /* UpdatedProgramming.swift in Sources */ = {isa = PBXBuildFile; fileRef = 27AFDFF61DA2AB0E00253388 /* UpdatedProgramming.swift */; };
		27AFDFFA1DA2AFFE00253388 /* Main.storyboard in Resources */ = {isa = PBXBuildFile; fileRef = 27AFDFF81DA2AFFE00253388 /* Main.storyboard */; };
		27AFDFFC1DA2B01100253388 /* ViewController.swift in Sources */ = {isa = PBXBuildFile; fileRef = 27AFDFFB1DA2B01100253388 /* ViewController.swift */; };
/* End PBXBuildFile section */

/* Begin PBXFileReference section */
		27AFDFD81DA2A79000253388 /* AboutMe.app */ = {isa = PBXFileReference; explicitFileType = wrapper.application; includeInIndex = 0; path = AboutMe.app; sourceTree = BUILT_PRODUCTS_DIR; };
		27AFDFDB1DA2A79000253388 /* AppDelegate.swift */ = {isa = PBXFileReference; lastKnownFileType = sourcecode.swift; path = AppDelegate.swift; sourceTree = "<group>"; };
		27AFDFE21DA2A79000253388 /* Assets.xcassets */ = {isa = PBXFileReference; lastKnownFileType = folder.assetcatalog; path = Assets.xcassets; sourceTree = "<group>"; };
		27AFDFE51DA2A79000253388 /* Base */ = {isa = PBXFileReference; lastKnownFileType = file.storyboard; name = Base; path = Base.lproj/LaunchScreen.storyboard; sourceTree = "<group>"; };
		27AFDFE71DA2A79000253388 /* Info.plist */ = {isa = PBXFileReference; lastKnownFileType = text.plist.xml; path = Info.plist; sourceTree = "<group>"; };
		27AFDFEF1DA2AAD300253388 /* UpdatedMusic.swift */ = {isa = PBXFileReference; fileEncoding = 4; lastKnownFileType = sourcecode.swift; path = UpdatedMusic.swift; sourceTree = "<group>"; };
		27AFDFF11DA2AAE200253388 /* UpdatedHobbies.swift */ = {isa = PBXFileReference; fileEncoding = 4; lastKnownFileType = sourcecode.swift; path = UpdatedHobbies.swift; sourceTree = "<group>"; };
		27AFDFF41DA2AAFC00253388 /* UpdatedBackground.swift */ = {isa = PBXFileReference; fileEncoding = 4; lastKnownFileType = sourcecode.swift; path = UpdatedBackground.swift; sourceTree = "<group>"; };
		27AFDFF61DA2AB0E00253388 /* UpdatedProgramming.swift */ = {isa = PBXFileReference; fileEncoding = 4; lastKnownFileType = sourcecode.swift; path = UpdatedProgramming.swift; sourceTree = "<group>"; };
		27AFDFF91DA2AFFE00253388 /* Base */ = {isa = PBXFileReference; lastKnownFileType = file.storyboard; name = Base; path = Base.lproj/Main.storyboard; sourceTree = "<group>"; };
		27AFDFFB1DA2B01100253388 /* ViewController.swift */ = {isa = PBXFileReference; fileEncoding = 4; lastKnownFileType = sourcecode.swift; path = ViewController.swift; sourceTree = "<group>"; };
/* End PBXFileReference section */

/* Begin PBXFrameworksBuildPhase section */
		27AFDFD51DA2A79000253388 /* Frameworks */ = {
			isa = PBXFrameworksBuildPhase;
			buildActionMask = 2147483647;
			files = (
			);
			runOnlyForDeploymentPostprocessing = 0;
		};
/* End PBXFrameworksBuildPhase section */

/* Begin PBXGroup section */
		27AFDFCF1DA2A79000253388 = {
			isa = PBXGroup;
			children = (
				27AFDFDA1DA2A79000253388 /* AboutMe */,
				27AFDFD91DA2A79000253388 /* Products */,
			);
			sourceTree = "<group>";
		};
		27AFDFD91DA2A79000253388 /* Products */ = {
			isa = PBXGroup;
			children = (
				27AFDFD81DA2A79000253388 /* AboutMe.app */,
			);
			name = Products;
			sourceTree = "<group>";
		};
		27AFDFDA1DA2A79000253388 /* AboutMe */ = {
			isa = PBXGroup;
			children = (
				27AFDFEE1DA2A7D300253388 /* Vew */,
				27AFDFED1DA2A7CC00253388 /* Controller */,
				27AFDFE21DA2A79000253388 /* Assets.xcassets */,
				27AFDFE71DA2A79000253388 /* Info.plist */,
			);
			path = AboutMe;
			sourceTree = "<group>";
		};
		27AFDFED1DA2A7CC00253388 /* Controller */ = {
			isa = PBXGroup;
			children = (
				27AFDFFB1DA2B01100253388 /* ViewController.swift */,
				27AFDFDB1DA2A79000253388 /* AppDelegate.swift */,
				27AFDFEF1DA2AAD300253388 /* UpdatedMusic.swift */,
				27AFDFF11DA2AAE200253388 /* UpdatedHobbies.swift */,
				27AFDFF41DA2AAFC00253388 /* UpdatedBackground.swift */,
				27AFDFF61DA2AB0E00253388 /* UpdatedProgramming.swift */,
			);
			name = Controller;
			sourceTree = "<group>";
		};
		27AFDFEE1DA2A7D300253388 /* Vew */ = {
			isa = PBXGroup;
			children = (
				27AFDFE41DA2A79000253388 /* LaunchScreen.storyboard */,
				27AFDFF81DA2AFFE00253388 /* Main.storyboard */,
			);
			name = Vew;
			sourceTree = "<group>";
		};
/* End PBXGroup section */

/* Begin PBXNativeTarget section */
		27AFDFD71DA2A79000253388 /* AboutMe */ = {
			isa = PBXNativeTarget;
			buildConfigurationList = 27AFDFEA1DA2A79000253388 /* Build configuration list for PBXNativeTarget "AboutMe" */;
			buildPhases = (
				27AFDFD41DA2A79000253388 /* Sources */,
				27AFDFD51DA2A79000253388 /* Frameworks */,
				27AFDFD61DA2A79000253388 /* Resources */,
			);
			buildRules = (
			);
			dependencies = (
			);
			name = AboutMe;
			productName = AboutMe;
			productReference = 27AFDFD81DA2A79000253388 /* AboutMe.app */;
			productType = "com.apple.product-type.application";
		};
/* End PBXNativeTarget section */

/* Begin PBXProject section */
		27AFDFD01DA2A79000253388 /* Project object */ = {
			isa = PBXProject;
			attributes = {
				LastSwiftUpdateCheck = 0720;
				LastUpgradeCheck = 0720;
				ORGANIZATIONNAME = "Hatchell, Kadin";
				TargetAttributes = {
					27AFDFD71DA2A79000253388 = {
						CreatedOnToolsVersion = 7.2;
					};
				};
			};
			buildConfigurationList = 27AFDFD31DA2A79000253388 /* Build configuration list for PBXProject "AboutMe" */;
			compatibilityVersion = "Xcode 3.2";
			developmentRegion = English;
			hasScannedForEncodings = 0;
			knownRegions = (
				en,
				Base,
			);
			mainGroup = 27AFDFCF1DA2A79000253388;
			productRefGroup = 27AFDFD91DA2A79000253388 /* Products */;
			projectDirPath = "";
			projectRoot = "";
			targets = (
				27AFDFD71DA2A79000253388 /* AboutMe */,
			);
		};
/* End PBXProject section */

/* Begin PBXResourcesBuildPhase section */
		27AFDFD61DA2A79000253388 /* Resources */ = {
			isa = PBXResourcesBuildPhase;
			buildActionMask = 2147483647;
			files = (
				27AFDFFA1DA2AFFE00253388 /* Main.storyboard in Resources */,
				27AFDFE61DA2A79000253388 /* LaunchScreen.storyboard in Resources */,
				27AFDFE31DA2A79000253388 /* Assets.xcassets in Resources */,
			);
			runOnlyForDeploymentPostprocessing = 0;
		};
/* End PBXResourcesBuildPhase section */

/* Begin PBXSourcesBuildPhase section */
		27AFDFD41DA2A79000253388 /* Sources */ = {
			isa = PBXSourcesBuildPhase;
			buildActionMask = 2147483647;
			files = (
				27AFDFFC1DA2B01100253388 /* ViewController.swift in Sources */,
				27AFDFF01DA2AAD300253388 /* UpdatedMusic.swift in Sources */,
				27AFDFF51DA2AAFC00253388 /* UpdatedBackground.swift in Sources */,
				27AFDFF21DA2AAE200253388 /* UpdatedHobbies.swift in Sources */,
				27AFDFDC1DA2A79000253388 /* AppDelegate.swift in Sources */,
				27AFDFF71DA2AB0E00253388 /* UpdatedProgramming.swift in Sources */,
			);
			runOnlyForDeploymentPostprocessing = 0;
		};
/* End PBXSourcesBuildPhase section */

/* Begin PBXVariantGroup section */
		27AFDFE41DA2A79000253388 /* LaunchScreen.storyboard */ = {
			isa = PBXVariantGroup;
			children = (
				27AFDFE51DA2A79000253388 /* Base */,
			);
			name = LaunchScreen.storyboard;
			sourceTree = "<group>";
		};
		27AFDFF81DA2AFFE00253388 /* Main.storyboard */ = {
			isa = PBXVariantGroup;
			children = (
				27AFDFF91DA2AFFE00253388 /* Base */,
			);
			name = Main.storyboard;
			sourceTree = "<group>";
		};
/* End PBXVariantGroup section */

/* Begin XCBuildConfiguration section */
		27AFDFE81DA2A79000253388 /* Debug */ = {
			isa = XCBuildConfiguration;
			buildSettings = {
				ALWAYS_SEARCH_USER_PATHS = NO;
				CLANG_CXX_LANGUAGE_STANDARD = "gnu++0x";
				CLANG_CXX_LIBRARY = "libc++";
				CLANG_ENABLE_MODULES = YES;
				CLANG_ENABLE_OBJC_ARC = YES;
				CLANG_WARN_BOOL_CONVERSION = YES;
				CLANG_WARN_CONSTANT_CONVERSION = YES;
				CLANG_WARN_DIRECT_OBJC_ISA_USAGE = YES_ERROR;
				CLANG_WARN_EMPTY_BODY = YES;
				CLANG_WARN_ENUM_CONVERSION = YES;
				CLANG_WARN_INT_CONVERSION = YES;
				CLANG_WARN_OBJC_ROOT_CLASS = YES_ERROR;
				CLANG_WARN_UNREACHABLE_CODE = YES;
				CLANG_WARN__DUPLICATE_METHOD_MATCH = YES;
				"CODE_SIGN_IDENTITY[sdk=iphoneos*]" = "iPhone Developer";
				COPY_PHASE_STRIP = NO;
				DEBUG_INFORMATION_FORMAT = dwarf;
				ENABLE_STRICT_OBJC_MSGSEND = YES;
				ENABLE_TESTABILITY = YES;
				GCC_C_LANGUAGE_STANDARD = gnu99;
				GCC_DYNAMIC_NO_PIC = NO;
				GCC_NO_COMMON_BLOCKS = YES;
				GCC_OPTIMIZATION_LEVEL = 0;
				GCC_PREPROCESSOR_DEFINITIONS = (
					"DEBUG=1",
					"$(inherited)",
				);
				GCC_WARN_64_TO_32_BIT_CONVERSION = YES;
				GCC_WARN_ABOUT_RETURN_TYPE = YES_ERROR;
				GCC_WARN_UNDECLARED_SELECTOR = YES;
				GCC_WARN_UNINITIALIZED_AUTOS = YES_AGGRESSIVE;
				GCC_WARN_UNUSED_FUNCTION = YES;
				GCC_WARN_UNUSED_VARIABLE = YES;
				IPHONEOS_DEPLOYMENT_TARGET = 9.2;
				MTL_ENABLE_DEBUG_INFO = YES;
				ONLY_ACTIVE_ARCH = YES;
				SDKROOT = iphoneos;
				SWIFT_OPTIMIZATION_LEVEL = "-Onone";
				TARGETED_DEVICE_FAMILY = "1,2";
			};
			name = Debug;
		};
		27AFDFE91DA2A79000253388 /* Release */ = {
			isa = XCBuildConfiguration;
			buildSettings = {
				ALWAYS_SEARCH_USER_PATHS = NO;
				CLANG_CXX_LANGUAGE_STANDARD = "gnu++0x";
				CLANG_CXX_LIBRARY = "libc++";
				CLANG_ENABLE_MODULES = YES;
				CLANG_ENABLE_OBJC_ARC = YES;
				CLANG_WARN_BOOL_CONVERSION = YES;
				CLANG_WARN_CONSTANT_CONVERSION = YES;
				CLANG_WARN_DIRECT_OBJC_ISA_USAGE = YES_ERROR;
				CLANG_WARN_EMPTY_BODY = YES;
				CLANG_WARN_ENUM_CONVERSION = YES;
				CLANG_WARN_INT_CONVERSION = YES;
				CLANG_WARN_OBJC_ROOT_CLASS = YES_ERROR;
				CLANG_WARN_UNREACHABLE_CODE = YES;
				CLANG_WARN__DUPLICATE_METHOD_MATCH = YES;
				"CODE_SIGN_IDENTITY[sdk=iphoneos*]" = "iPhone Developer";
				COPY_PHASE_STRIP = NO;
				DEBUG_INFORMATION_FORMAT = "dwarf-with-dsym";
				ENABLE_NS_ASSERTIONS = NO;
				ENABLE_STRICT_OBJC_MSGSEND = YES;
				GCC_C_LANGUAGE_STANDARD = gnu99;
				GCC_NO_COMMON_BLOCKS = YES;
				GCC_WARN_64_TO_32_BIT_CONVERSION = YES;
				GCC_WARN_ABOUT_RETURN_TYPE = YES_ERROR;
				GCC_WARN_UNDECLARED_SELECTOR = YES;
				GCC_WARN_UNINITIALIZED_AUTOS = YES_AGGRESSIVE;
				GCC_WARN_UNUSED_FUNCTION = YES;
				GCC_WARN_UNUSED_VARIABLE = YES;
				IPHONEOS_DEPLOYMENT_TARGET = 9.2;
				MTL_ENABLE_DEBUG_INFO = NO;
				SDKROOT = iphoneos;
				TARGETED_DEVICE_FAMILY = "1,2";
				VALIDATE_PRODUCT = YES;
			};
			name = Release;
		};
		27AFDFEB1DA2A79000253388 /* Debug */ = {
			isa = XCBuildConfiguration;
			buildSettings = {
				ASSETCATALOG_COMPILER_APPICON_NAME = AppIcon;
				INFOPLIST_FILE = AboutMe/Info.plist;
				LD_RUNPATH_SEARCH_PATHS = "$(inherited) @executable_path/Frameworks";
				PRODUCT_BUNDLE_IDENTIFIER = Ctec.AboutMe;
				PRODUCT_NAME = "$(TARGET_NAME)";
			};
			name = Debug;
		};
		27AFDFEC1DA2A79000253388 /* Release */ = {
			isa = XCBuildConfiguration;
			buildSettings = {
				ASSETCATALOG_COMPILER_APPICON_NAME = AppIcon;
				INFOPLIST_FILE = AboutMe/Info.plist;
				LD_RUNPATH_SEARCH_PATHS = "$(inherited) @executable_path/Frameworks";
				PRODUCT_BUNDLE_IDENTIFIER = Ctec.AboutMe;
				PRODUCT_NAME = "$(TARGET_NAME)";
			};
			name = Release;
		};
/* End XCBuildConfiguration section */

/* Begin XCConfigurationList section */
		27AFDFD31DA2A79000253388 /* Build configuration list for PBXProject "AboutMe" */ = {
			isa = XCConfigurationList;
			buildConfigurations = (
				27AFDFE81DA2A79000253388 /* Debug */,
				27AFDFE91DA2A79000253388 /* Release */,
			);
			defaultConfigurationIsVisible = 0;
			defaultConfigurationName = Release;
		};
		27AFDFEA1DA2A79000253388 /* Build configuration list for PBXNativeTarget "AboutMe" */ = {
			isa = XCConfigurationList;
			buildConfigurations = (
				27AFDFEB1DA2A79000253388 /* Debug */,
				27AFDFEC1DA2A79000253388 /* Release */,
			);
			defaultConfigurationIsVisible = 0;
			defaultConfigurationName = Release;
		};
/* End XCConfigurationList section */
	};
	rootObject = 27AFDFD01DA2A79000253388 /* Project object */;
}
